{
  "name": "crud",
  "version": "0.1.0",
  "lockfileVersion": 2,
  "requires": true,
  "packages": {
    "": {
      "name": "crud",
      "version": "0.1.0",
      "dependencies": {
        "react-router": "^6.11.1"
      }
    },
    "node_modules/@remix-run/router": {
      "version": "1.6.1",
      "resolved": "https://registry.npmjs.org/@remix-run/router/-/router-1.6.1.tgz",
      "integrity": "sha512-YUkWj+xs0oOzBe74OgErsuR3wVn+efrFhXBWrit50kOiED+pvQe2r6MWY0iJMQU/mSVKxvNzL4ZaYvjdX+G7ZA==",
      "engines": {
        "node": ">=14"
      }
    },
    "node_modules/react-router": {
      "version": "6.11.1",
      "resolved": "https://registry.npmjs.org/react-router/-/react-router-6.11.1.tgz",
      "integrity": "sha512-OZINSdjJ2WgvAi7hgNLazrEV8SGn6xrKA+MkJe9wVDMZ3zQ6fdJocUjpCUCI0cNrelWjcvon0S/QK/j0NzL3KA==",
      "dependencies": {
        "@remix-run/router": "1.6.1"
      },
      "engines": {
        "node": ">=14"
      },
      "peerDependencies": {
        "react": ">=16.8"
      }
    }
  },
  "dependencies": {
    "@remix-run/router": {
      "version": "1.6.1",
      "resolved": "https://registry.npmjs.org/@remix-run/router/-/router-1.6.1.tgz",
      "integrity": "sha512-YUkWj+xs0oOzBe74OgErsuR3wVn+efrFhXBWrit50kOiED+pvQe2r6MWY0iJMQU/mSVKxvNzL4ZaYvjdX+G7ZA=="
    },
    "react-router": {
      "version": "6.11.1",
      "resolved": "https://registry.npmjs.org/react-router/-/react-router-6.11.1.tgz",
      "integrity": "sha512-OZINSdjJ2WgvAi7hgNLazrEV8SGn6xrKA+MkJe9wVDMZ3zQ6fdJocUjpCUCI0cNrelWjcvon0S/QK/j0NzL3KA==",
      "requires": {
        "@remix-run/router": "1.6.1"
      }
    }
  }
}
